
Microsoft Visual Studio Solution File, Format Version 12.00
# Visual Studio 15
VisualStudioVersion = 15.0.28307.421
MinimumVisualStudioVersion = 10.0.40219.1
Project("{FAE04EC0-301F-11D3-BF4B-00C04F79EFBC}") = "BankingService", "BankingService\BankingService.csproj", "{6A9B3B4D-F97E-47B7-AFC3-EB9EFB2B78B6}"
EndProject
Global
	GlobalSection(SolutionConfigurationPlatforms) = preSolution
		Debug|Any CPU = Debug|Any CPU
		Release|Any CPU = Release|Any CPU
	EndGlobalSection
	GlobalSection(ProjectConfigurationPlatforms) = postSolution
		{6A9B3B4D-F97E-47B7-AFC3-EB9EFB2B78B6}.Debug|Any CPU.ActiveCfg = Debug|Any CPU
		{6A9B3B4D-F97E-47B7-AFC3-EB9EFB2B78B6}.Debug|Any CPU.Build.0 = Debug|Any CPU
		{6A9B3B4D-F97E-47B7-AFC3-EB9EFB2B78B6}.Release|Any CPU.ActiveCfg = Release|Any CPU
		{6A9B3B4D-F97E-47B7-AFC3-EB9EFB2B78B6}.Release|Any CPU.Build.0 = Release|Any CPU
	EndGlobalSection
	GlobalSection(SolutionProperties) = preSolution
		HideSolutionNode = FALSE
	EndGlobalSection
	GlobalSection(ExtensibilityGlobals) = postSolution
		SolutionGuid = {A7AC6457-3FCC-406C-979E-9A24D6EE16E2}
	EndGlobalSection
EndGlobal
